Microsoft Visual Studio Solution File, Format Version 12.00
# Visual Studio 2012
Project("{FAE04EC0-301F-11D3-BF4B-00C04F79EFBC}") = "My Friend in the Lake", "My Friend in the Lake.csproj", "{D7CE3C29-3F95-4BAC-9218-DD8D0B2BE8ED}"
EndProject
Global
	GlobalSection(SolutionConfigurationPlatforms) = preSolution
	Debug|Any CPU = Debug|Any CPU
	ExportDebug|Any CPU = ExportDebug|Any CPU
	ExportRelease|Any CPU = ExportRelease|Any CPU
	EndGlobalSection
	GlobalSection(ProjectConfigurationPlatforms) = postSolution
		{D7CE3C29-3F95-4BAC-9218-DD8D0B2BE8ED}.Debug|Any CPU.ActiveCfg = Debug|Any CPU
		{D7CE3C29-3F95-4BAC-9218-DD8D0B2BE8ED}.Debug|Any CPU.Build.0 = Debug|Any CPU
		{D7CE3C29-3F95-4BAC-9218-DD8D0B2BE8ED}.ExportDebug|Any CPU.ActiveCfg = ExportDebug|Any CPU
		{D7CE3C29-3F95-4BAC-9218-DD8D0B2BE8ED}.ExportDebug|Any CPU.Build.0 = ExportDebug|Any CPU
		{D7CE3C29-3F95-4BAC-9218-DD8D0B2BE8ED}.ExportRelease|Any CPU.ActiveCfg = ExportRelease|Any CPU
		{D7CE3C29-3F95-4BAC-9218-DD8D0B2BE8ED}.ExportRelease|Any CPU.Build.0 = ExportRelease|Any CPU
	EndGlobalSection
EndGlobal
